
Microsoft Visual Studio Solution File, Format Version 12.00
# Visual Studio 14
VisualStudioVersion = 14.0.25123.0
MinimumVisualStudioVersion = 10.0.40219.1
Project("{2150E333-8FDC-42A3-9474-1A3956D46DE8}") = "Solution Items", "Solution Items", "{7EFAFC77-38C4-4393-9AFA-BC635597299B}"
	ProjectSection(SolutionItems) = preProject
		Class naming.cs = Class naming.cs
		Code Commenting.cs = Code Commenting.cs
		Constructors and arrays.cs = Constructors and arrays.cs
		Controls naming.cs = Controls naming.cs
		Converting and changing names.cs = Converting and changing names.cs
		Exeption handling.cs = Exeption handling.cs
		Iterations and Loops.cs = Iterations and Loops.cs
		LINQ examples.cs = LINQ examples.cs
		Naming data types.cs = Naming data types.cs
	EndProjectSection
EndProject
Global
	GlobalSection(SolutionProperties) = preSolution
		HideSolutionNode = FALSE
	EndGlobalSection
EndGlobal
